
Microsoft Visual Studio Solution File, Format Version 12.00
# Visual Studio Version 16
VisualStudioVersion = 16.0.30011.22
MinimumVisualStudioVersion = 10.0.40219.1
Project("{FAE04EC0-301F-11D3-BF4B-00C04F79EFBC}") = "VariantWorkshopIncome", "VariantWorkshopIncome\VariantWorkshopIncome.csproj", "{DB2C2827-512A-42EF-B3D8-3275D30649E5}"
EndProject
Global
	GlobalSection(SolutionConfigurationPlatforms) = preSolution
		Debug|Any CPU = Debug|Any CPU
		Release|Any CPU = Release|Any CPU
	EndGlobalSection
	GlobalSection(ProjectConfigurationPlatforms) = postSolution
		{DB2C2827-512A-42EF-B3D8-3275D30649E5}.Debug|Any CPU.ActiveCfg = Debug|Any CPU
		{DB2C2827-512A-42EF-B3D8-3275D30649E5}.Debug|Any CPU.Build.0 = Debug|Any CPU
		{DB2C2827-512A-42EF-B3D8-3275D30649E5}.Release|Any CPU.ActiveCfg = Release|Any CPU
		{DB2C2827-512A-42EF-B3D8-3275D30649E5}.Release|Any CPU.Build.0 = Release|Any CPU
	EndGlobalSection
	GlobalSection(SolutionProperties) = preSolution
		HideSolutionNode = FALSE
	EndGlobalSection
	GlobalSection(ExtensibilityGlobals) = postSolution
		SolutionGuid = {813AE779-A9ED-46C3-9C3E-4A240E95FB89}
	EndGlobalSection
EndGlobal
